# This file is autogenerated, do not edit; changes may be undone by the next 'dep ensure'.


[[projects]]
  name = "github.com/inconshreveable/mousetrap"
  packages = ["."]
  revision = "76626ae9c91c4f2a10f34cad8ce83ea42c93bb75"
  version = "v1.0"

[[projects]]
  branch = "master"
  name = "github.com/lukasmalkmus/interactive"
  packages = ["."]
  revision = "fe07ab67aec6055f89a5c3bb9d86f241d0856366"

[[projects]]
  branch = "master"
  name = "github.com/spf13/cobra"
  packages = ["."]
  revision = "cb731b898346822cc0c225c28550a8a29d93c732"

[[projects]]
  name = "github.com/spf13/pflag"
  packages = ["."]
  revision = "e57e3eeb33f795204c1ca35f56c44f83227c6e66"
  version = "v1.0.0"

[[projects]]
  branch = "master"
  name = "golang.org/x/crypto"
  packages = ["ssh/terminal"]
  revision = "eb71ad9bd329b5ac0fd0148dd99bd62e8be8e035"

[[projects]]
  branch = "master"
  name = "golang.org/x/sys"
  packages = ["unix","windows"]
  revision = "43e60d72a8e2bd92ee98319ba9a384a0e9837c08"

[solve-meta]
  analyzer-name = "dep"
  analyzer-version = 1
  inputs-digest = "332c6bca00f1d7959a964ba3396fe90f8193e719acee712a05e18d2fa30e9969"
  solver-name = "gps-cdcl"
  solver-version = 1
